
Microsoft Visual Studio Solution File, Format Version 12.00
# Visual Studio Version 16
VisualStudioVersion = 16.0.30204.135
MinimumVisualStudioVersion = 10.0.40219.1
Project("{FAE04EC0-301F-11D3-BF4B-00C04F79EFBC}") = "OpenRastaSandbox", "OpenRastaSandbox\OpenRastaSandbox.csproj", "{866721C1-4398-4DFB-8BED-0CDB31CE5CF6}"
EndProject
Global
	GlobalSection(SolutionConfigurationPlatforms) = preSolution
		Debug|Any CPU = Debug|Any CPU
		Release|Any CPU = Release|Any CPU
	EndGlobalSection
	GlobalSection(ProjectConfigurationPlatforms) = postSolution
		{866721C1-4398-4DFB-8BED-0CDB31CE5CF6}.Debug|Any CPU.ActiveCfg = Debug|Any CPU
		{866721C1-4398-4DFB-8BED-0CDB31CE5CF6}.Debug|Any CPU.Build.0 = Debug|Any CPU
		{866721C1-4398-4DFB-8BED-0CDB31CE5CF6}.Release|Any CPU.ActiveCfg = Release|Any CPU
		{866721C1-4398-4DFB-8BED-0CDB31CE5CF6}.Release|Any CPU.Build.0 = Release|Any CPU
	EndGlobalSection
	GlobalSection(SolutionProperties) = preSolution
		HideSolutionNode = FALSE
	EndGlobalSection
	GlobalSection(ExtensibilityGlobals) = postSolution
		SolutionGuid = {65708A42-906B-40DF-9B8C-8117C2B83460}
	EndGlobalSection
EndGlobal
